{
  "renv": {
    "Version": "0.7.0-89"
  },
  "R": {
    "Version": "3.6.1",
    "Repositories": [
      {
        "Name": "CRAN",
        "URL": "https://cloud.r-project.org"
      }
    ]
  },
  "Packages": {
    "BH": {
      "Package": "BH",
      "Version": "1.69.0-1",
      "Source": "Repository",
      "Repository": "CRAN",
      "Hash": "0fde015f5153e51df44981da0767f522"
    },
    "BiocGenerics": {
      "Package": "BiocGenerics",
      "Version": "0.30.0",
      "Source": "Bioconductor",
      "Hash": "0e4a1c136ce54159dbc4743379861d92"
    },
    "GenomeInfoDb": {
      "Package": "GenomeInfoDb",
      "Version": "1.20.0",
      "Source": "Bioconductor",
      "Hash": "c87b874a607724e996b064ee56715b55"
    },
    "GenomeInfoDbData": {
      "Package": "GenomeInfoDbData",
      "Version": "1.2.1",
      "Source": "Bioconductor",
      "Hash": "99d7c713370c539b5d86bc41a344af1f"
    },
    "GenomicRanges": {
      "Package": "GenomicRanges",
      "Version": "1.36.0",
      "Source": "Bioconductor",
      "Hash": "565aa0e90e4304cf927bad7ebffbda09"
    },
    "IRanges": {
      "Package": "IRanges",
      "Version": "2.18.1",
      "Source": "Bioconductor",
      "Hash": "5858406c280f418e7302faedba2e6718"
    },
    "R6": {
      "Package": "R6",
      "Version": "2.4.0",
      "Source": "Repository",
      "Repository": "CRAN",
      "Hash": "92b50d943a7c76c67918c1e1beb68627"
    },
    "RCurl": {
      "Package": "RCurl",
      "Version": "1.95-4.12",
      "Source": "Repository",
      "Repository": "CRAN",
      "Hash": "da83dfabbb92098a20dada46869921a3"
    },
    "Rcpp": {
      "Package": "Rcpp",
      "Version": "1.0.2",
      "Source": "Repository",
      "Repository": "CRAN",
      "Hash": "c25fa7d5684fa7001ddfea3755243975"
    },
    "S4Vectors": {
      "Package": "S4Vectors",
      "Version": "0.22.0",
      "Source": "Bioconductor",
      "Hash": "18910eaea6470df5c8ffc55817e7ed57"
    },
    "XVector": {
      "Package": "XVector",
      "Version": "0.24.0",
      "Source": "Bioconductor",
      "Hash": "9284faf825d0d98328f4dde7f54857b0"
    },
    "base64enc": {
      "Package": "base64enc",
      "Version": "0.1-3",
      "Source": "Repository",
      "Repository": "CRAN",
      "Hash": "d355963b4b1c3039bfe8d65611a11cca"
    },
    "bitops": {
      "Package": "bitops",
      "Version": "1.0-6",
      "Source": "Repository",
      "Repository": "CRAN",
      "Hash": "62408262624d9f8e436f51ca901424e2"
    },
    "blogdown": {
      "Package": "blogdown",
      "Version": "0.15",
      "Source": "Repository",
      "Repository": "CRAN",
      "Hash": "d9b54f0106c1c661f716c01b4a8e9355"
    },
    "bookdown": {
      "Package": "bookdown",
      "Version": "0.13",
      "Source": "Repository",
      "Repository": "CRAN",
      "Hash": "2ac6b83fbe5c15bbdd3113bb9402c277"
    },
    "digest": {
      "Package": "digest",
      "Version": "0.6.20",
      "Source": "Repository",
      "Repository": "CRAN",
      "Hash": "e90f6670040b5aec92425051fc13ac1c"
    },
    "evaluate": {
      "Package": "evaluate",
      "Version": "0.14",
      "Source": "Repository",
      "Repository": "CRAN",
      "Hash": "5a6c1949963e0785dbcbb0556337d61e"
    },
    "glue": {
      "Package": "glue",
      "Version": "1.3.1",
      "Source": "Repository",
      "Repository": "CRAN",
      "Hash": "e8436e647719b7c9d01409767cd88cc8"
    },
    "highr": {
      "Package": "highr",
      "Version": "0.8",
      "Source": "Repository",
      "Repository": "CRAN",
      "Hash": "43e36bc8bca1d8256f86933659c46349"
    },
    "htmltools": {
      "Package": "htmltools",
      "Version": "0.3.6",
      "Source": "Repository",
      "Repository": "CRAN",
      "Hash": "5132526e7fb28a2c20d1ef443d5c4644"
    },
    "httpuv": {
      "Package": "httpuv",
      "Version": "1.5.2",
      "Source": "Repository",
      "Repository": "CRAN",
      "Hash": "f708a79efa59756bf40137118c20d837"
    },
    "jsonlite": {
      "Package": "jsonlite",
      "Version": "1.6",
      "Source": "Repository",
      "Repository": "CRAN",
      "Hash": "b7e67b6a7bc2fdae729c0f3ff9026a8a"
    },
    "knitr": {
      "Package": "knitr",
      "Version": "1.25",
      "Source": "Repository",
      "Repository": "CRAN",
      "Hash": "33a3a009f5e7c3606d6851692bf703d9"
    },
    "later": {
      "Package": "later",
      "Version": "0.8.0",
      "Source": "Repository",
      "Repository": "CRAN",
      "Hash": "4d5b806a328e0da75f0f0d4653676552"
    },
    "magrittr": {
      "Package": "magrittr",
      "Version": "1.5",
      "Source": "Repository",
      "Repository": "CRAN",
      "Hash": "dee1d97cffddfd3ed969e224bd0826d0"
    },
    "markdown": {
      "Package": "markdown",
      "Version": "1.1",
      "Source": "Repository",
      "Repository": "CRAN",
      "Hash": "80e1f73841614fa35f82a85d66fb41da"
    },
    "mime": {
      "Package": "mime",
      "Version": "0.7",
      "Source": "Repository",
      "Repository": "CRAN",
      "Hash": "908d95ccbfd1dd274073ef07a7c93934"
    },
    "promises": {
      "Package": "promises",
      "Version": "1.0.1",
      "Source": "Repository",
      "Repository": "CRAN",
      "Hash": "f80d162b7cef7e36a0134d1f1084e36d"
    },
    "renv": {
      "Package": "renv",
      "Version": "0.7.0-89",
      "Source": "GitHub",
      "RemoteType": "github",
      "RemoteHost": "api.github.com",
      "RemoteRepo": "renv",
      "RemoteUsername": "jimhester",
      "RemoteRef": "bugfix/pretty-print-null",
      "RemoteSha": "4ffe085a7f14242383c4ffb55a660754c81ebbf3",
      "Hash": "84a15198edde5b999732d65381d90410"
    },
    "rlang": {
      "Package": "rlang",
      "Version": "0.4.0",
      "Source": "Repository",
      "Repository": "CRAN",
      "Hash": "8f1bf3a54c8844dc254baabba61cb6a9"
    },
    "rmarkdown": {
      "Package": "rmarkdown",
      "Version": "1.15",
      "Source": "Repository",
      "Repository": "CRAN",
      "Hash": "7009ca49bab0c053098ae99b595bbacb"
    },
    "servr": {
      "Package": "servr",
      "Version": "0.15",
      "Source": "Repository",
      "Repository": "CRAN",
      "Hash": "adcd3bbb5259abaf5d4dd667b5dbd62b"
    },
    "stringi": {
      "Package": "stringi",
      "Version": "1.4.3",
      "Source": "Repository",
      "Repository": "CRAN",
      "Hash": "113506f116db9dd5bd1caf46884e0647"
    },
    "stringr": {
      "Package": "stringr",
      "Version": "1.4.0",
      "Source": "Repository",
      "Repository": "CRAN",
      "Hash": "41d6310ad18bd019a203d7adc496a28b"
    },
    "tinytex": {
      "Package": "tinytex",
      "Version": "0.15",
      "Source": "Repository",
      "Repository": "CRAN",
      "Hash": "11c9260eb54db1f55e7573844c2ae8ed"
    },
    "xfun": {
      "Package": "xfun",
      "Version": "0.9",
      "Source": "Repository",
      "Repository": "CRAN",
      "Hash": "f577b2b637a64f3b5662430ccc6fa1b7"
    },
    "yaml": {
      "Package": "yaml",
      "Version": "2.2.0",
      "Source": "Repository",
      "Repository": "CRAN",
      "Hash": "3a313c96061c4ac790de611dc57ebd1f"
    },
    "zlibbioc": {
      "Package": "zlibbioc",
      "Version": "1.30.0",
      "Source": "Bioconductor",
      "Hash": "cba7d1ac927c10163986b6ac6daabbd5"
    }
  }
}
